// !$*UTF8*$!
{
	archiveVersion = 1;
	classes = {
	};
	objectVersion = 50;
	objects = {

/* Begin PBXBuildFile section */
		871FDE9B27AD8DD5009CAF25 /* AccountSummaryCell.swift in Sources */ = {isa = PBXBuildFile; fileRef = 871FDE9A27AD8DD5009CAF25 /* AccountSummaryCell.swift */; };
		871FDEC327B039AD009CAF25 /* CurrencyFormatter.swift in Sources */ = {isa = PBXBuildFile; fileRef = 871FDEC227B039AD009CAF25 /* CurrencyFormatter.swift */; };
		871FDEC527B03D8D009CAF25 /* Decimal+Utils.swift in Sources */ = {isa = PBXBuildFile; fileRef = 871FDEC427B03D8D009CAF25 /* Decimal+Utils.swift */; };
		875E75DC277F6FE900BCF539 /* AppDelegate.swift in Sources */ = {isa = PBXBuildFile; fileRef = 875E75DB277F6FE900BCF539 /* AppDelegate.swift */; };
		875E75E0277F6FE900BCF539 /* LoginViewController.swift in Sources */ = {isa = PBXBuildFile; fileRef = 875E75DF277F6FE900BCF539 /* LoginViewController.swift */; };
		875E75E5277F6FEC00BCF539 /* Assets.xcassets in Resources */ = {isa = PBXBuildFile; fileRef = 875E75E4277F6FEC00BCF539 /* Assets.xcassets */; };
		875E75E8277F6FEC00BCF539 /* LaunchScreen.storyboard in Resources */ = {isa = PBXBuildFile; fileRef = 875E75E6277F6FEC00BCF539 /* LaunchScreen.storyboard */; };
		875E75F5277F739700BCF539 /* LoginView.swift in Sources */ = {isa = PBXBuildFile; fileRef = 875E75F4277F739700BCF539 /* LoginView.swift */; };
		877A48CA27B965DC00DFB053 /* ShakeyBellView.swift in Sources */ = {isa = PBXBuildFile; fileRef = 877A48C927B965DC00DFB053 /* ShakeyBellView.swift */; };
		8781625027B6411C0089BD0E /* CurrencyFormatterTests.swift in Sources */ = {isa = PBXBuildFile; fileRef = 8781624F27B6411C0089BD0E /* CurrencyFormatterTests.swift */; };
		8781625227B77F280089BD0E /* NSNotificationName.swift in Sources */ = {isa = PBXBuildFile; fileRef = 8781625127B77F280089BD0E /* NSNotificationName.swift */; };
		8781625427B788820089BD0E /* UITextField+SecureToggle.swift in Sources */ = {isa = PBXBuildFile; fileRef = 8781625327B788820089BD0E /* UITextField+SecureToggle.swift */; };
		87897C3D27BEBBBE0063E9E1 /* Date+Utils.swift in Sources */ = {isa = PBXBuildFile; fileRef = 87897C3C27BEBBBE0063E9E1 /* Date+Utils.swift */; };
		87897C3F27BEBD210063E9E1 /* AccountSummaryViewController+Networking.swift in Sources */ = {isa = PBXBuildFile; fileRef = 87897C3E27BEBD210063E9E1 /* AccountSummaryViewController+Networking.swift */; };
		87897C4327C0B9000063E9E1 /* ProfileTest.swift in Sources */ = {isa = PBXBuildFile; fileRef = 87897C4227C0B9000063E9E1 /* ProfileTest.swift */; };
		87897C4527C0BA120063E9E1 /* AccountTest.swift in Sources */ = {isa = PBXBuildFile; fileRef = 87897C4427C0BA120063E9E1 /* AccountTest.swift */; };
		87B298A427A99DED004A0494 /* AccountSummaryHeaderView.swift in Sources */ = {isa = PBXBuildFile; fileRef = 87B298A327A99DED004A0494 /* AccountSummaryHeaderView.swift */; };
		87B298A627A99E31004A0494 /* AccountSummaryHeaderView.xib in Resources */ = {isa = PBXBuildFile; fileRef = 87B298A527A99E31004A0494 /* AccountSummaryHeaderView.xib */; };
		87BE31112791D1E800F9E327 /* OnboardingContainerViewController.swift in Sources */ = {isa = PBXBuildFile; fileRef = 87BE31102791D1E800F9E327 /* OnboardingContainerViewController.swift */; };
		87BE31132792980200F9E327 /* OnboardingViewController.swift in Sources */ = {isa = PBXBuildFile; fileRef = 87BE31122792980200F9E327 /* OnboardingViewController.swift */; };
		87BE31162792A84E00F9E327 /* Constant.swift in Sources */ = {isa = PBXBuildFile; fileRef = 87BE31152792A84E00F9E327 /* Constant.swift */; };
		87C4BFE22798839100F6559C /* DummyViewController.swift in Sources */ = {isa = PBXBuildFile; fileRef = 87C4BFE12798839100F6559C /* DummyViewController.swift */; };
		87C4BFE527988AA200F6559C /* LocalState.swift in Sources */ = {isa = PBXBuildFile; fileRef = 87C4BFE427988AA200F6559C /* LocalState.swift */; };
		87C4BFE9279F1C1200F6559C /* UIViewController+Utils.swift in Sources */ = {isa = PBXBuildFile; fileRef = 87C4BFE8279F1C1200F6559C /* UIViewController+Utils.swift */; };
		87C4BFEB279F1D8D00F6559C /* MainViewController.swift in Sources */ = {isa = PBXBuildFile; fileRef = 87C4BFEA279F1D8D00F6559C /* MainViewController.swift */; };
		87C4BFEE27A1B57300F6559C /* AccountSummaryViewController.swift in Sources */ = {isa = PBXBuildFile; fileRef = 87C4BFED27A1B57300F6559C /* AccountSummaryViewController.swift */; };
/* End PBXBuildFile section */

/* Begin PBXContainerItemProxy section */
		8781624A27B6406A0089BD0E /* PBXContainerItemProxy */ = {
			isa = PBXContainerItemProxy;
			containerPortal = 875E75D0277F6FE900BCF539 /* Project object */;
			proxyType = 1;
			remoteGlobalIDString = 875E75D7277F6FE900BCF539;
			remoteInfo = BankeyDemoApp;
		};
/* End PBXContainerItemProxy section */

/* Begin PBXFileReference section */
		871FDE9A27AD8DD5009CAF25 /* AccountSummaryCell.swift */ = {isa = PBXFileReference; lastKnownFileType = sourcecode.swift; path = AccountSummaryCell.swift; sourceTree = "<group>"; };
		871FDEC227B039AD009CAF25 /* CurrencyFormatter.swift */ = {isa = PBXFileReference; lastKnownFileType = sourcecode.swift; path = CurrencyFormatter.swift; sourceTree = "<group>"; };
		871FDEC427B03D8D009CAF25 /* Decimal+Utils.swift */ = {isa = PBXFileReference; lastKnownFileType = sourcecode.swift; path = "Decimal+Utils.swift"; sourceTree = "<group>"; };
		875E75D8277F6FE900BCF539 /* BankeyDemoApp.app */ = {isa = PBXFileReference; explicitFileType = wrapper.application; includeInIndex = 0; path = BankeyDemoApp.app; sourceTree = BUILT_PRODUCTS_DIR; };
		875E75DB277F6FE900BCF539 /* AppDelegate.swift */ = {isa = PBXFileReference; lastKnownFileType = sourcecode.swift; path = AppDelegate.swift; sourceTree = "<group>"; };
		875E75DF277F6FE900BCF539 /* LoginViewController.swift */ = {isa = PBXFileReference; lastKnownFileType = sourcecode.swift; path = LoginViewController.swift; sourceTree = "<group>"; };
		875E75E4277F6FEC00BCF539 /* Assets.xcassets */ = {isa = PBXFileReference; lastKnownFileType = folder.assetcatalog; path = Assets.xcassets; sourceTree = "<group>"; };
		875E75E7277F6FEC00BCF539 /* Base */ = {isa = PBXFileReference; lastKnownFileType = file.storyboard; name = Base; path = Base.lproj/LaunchScreen.storyboard; sourceTree = "<group>"; };
		875E75E9277F6FEC00BCF539 /* Info.plist */ = {isa = PBXFileReference; lastKnownFileType = text.plist.xml; path = Info.plist; sourceTree = "<group>"; };
		875E75F4277F739700BCF539 /* LoginView.swift */ = {isa = PBXFileReference; lastKnownFileType = sourcecode.swift; path = LoginView.swift; sourceTree = "<group>"; };
		877A48C927B965DC00DFB053 /* ShakeyBellView.swift */ = {isa = PBXFileReference; lastKnownFileType = sourcecode.swift; path = ShakeyBellView.swift; sourceTree = "<group>"; };
		8781624627B640690089BD0E /* BankeyDemoAppTests.xctest */ = {isa = PBXFileReference; explicitFileType = wrapper.cfbundle; includeInIndex = 0; path = BankeyDemoAppTests.xctest; sourceTree = BUILT_PRODUCTS_DIR; };
		8781624F27B6411C0089BD0E /* CurrencyFormatterTests.swift */ = {isa = PBXFileReference; lastKnownFileType = sourcecode.swift; path = CurrencyFormatterTests.swift; sourceTree = "<group>"; };
		8781625127B77F280089BD0E /* NSNotificationName.swift */ = {isa = PBXFileReference; lastKnownFileType = sourcecode.swift; path = NSNotificationName.swift; sourceTree = "<group>"; };
		8781625327B788820089BD0E /* UITextField+SecureToggle.swift */ = {isa = PBXFileReference; lastKnownFileType = sourcecode.swift; path = "UITextField+SecureToggle.swift"; sourceTree = "<group>"; };
		87897C3C27BEBBBE0063E9E1 /* Date+Utils.swift */ = {isa = PBXFileReference; lastKnownFileType = sourcecode.swift; path = "Date+Utils.swift"; sourceTree = "<group>"; };
		87897C3E27BEBD210063E9E1 /* AccountSummaryViewController+Networking.swift */ = {isa = PBXFileReference; lastKnownFileType = sourcecode.swift; path = "AccountSummaryViewController+Networking.swift"; sourceTree = "<group>"; };
		87897C4227C0B9000063E9E1 /* ProfileTest.swift */ = {isa = PBXFileReference; lastKnownFileType = sourcecode.swift; path = ProfileTest.swift; sourceTree = "<group>"; };
		87897C4427C0BA120063E9E1 /* AccountTest.swift */ = {isa = PBXFileReference; lastKnownFileType = sourcecode.swift; path = AccountTest.swift; sourceTree = "<group>"; };
		87B298A327A99DED004A0494 /* AccountSummaryHeaderView.swift */ = {isa = PBXFileReference; lastKnownFileType = sourcecode.swift; path = AccountSummaryHeaderView.swift; sourceTree = "<group>"; };
		87B298A527A99E31004A0494 /* AccountSummaryHeaderView.xib */ = {isa = PBXFileReference; lastKnownFileType = file.xib; path = AccountSummaryHeaderView.xib; sourceTree = "<group>"; };
		87BE31102791D1E800F9E327 /* OnboardingContainerViewController.swift */ = {isa = PBXFileReference; lastKnownFileType = sourcecode.swift; path = OnboardingContainerViewController.swift; sourceTree = "<group>"; };
		87BE31122792980200F9E327 /* OnboardingViewController.swift */ = {isa = PBXFileReference; lastKnownFileType = sourcecode.swift; path = OnboardingViewController.swift; sourceTree = "<group>"; };
		87BE31152792A84E00F9E327 /* Constant.swift */ = {isa = PBXFileReference; lastKnownFileType = sourcecode.swift; path = Constant.swift; sourceTree = "<group>"; };
		87C4BFE12798839100F6559C /* DummyViewController.swift */ = {isa = PBXFileReference; lastKnownFileType = sourcecode.swift; path = DummyViewController.swift; sourceTree = "<group>"; };
		87C4BFE427988AA200F6559C /* LocalState.swift */ = {isa = PBXFileReference; lastKnownFileType = sourcecode.swift; path = LocalState.swift; sourceTree = "<group>"; };
		87C4BFE8279F1C1200F6559C /* UIViewController+Utils.swift */ = {isa = PBXFileReference; lastKnownFileType = sourcecode.swift; path = "UIViewController+Utils.swift"; sourceTree = "<group>"; };
		87C4BFEA279F1D8D00F6559C /* MainViewController.swift */ = {isa = PBXFileReference; lastKnownFileType = sourcecode.swift; path = MainViewController.swift; sourceTree = "<group>"; };
		87C4BFED27A1B57300F6559C /* AccountSummaryViewController.swift */ = {isa = PBXFileReference; lastKnownFileType = sourcecode.swift; path = AccountSummaryViewController.swift; sourceTree = "<group>"; };
/* End PBXFileReference section */

/* Begin PBXFrameworksBuildPhase section */
		875E75D5277F6FE900BCF539 /* Frameworks */ = {
			isa = PBXFrameworksBuildPhase;
			buildActionMask = 2147483647;
			files = (
			);
			runOnlyForDeploymentPostprocessing = 0;
		};
		8781624327B640690089BD0E /* Frameworks */ = {
			isa = PBXFrameworksBuildPhase;
			buildActionMask = 2147483647;
			files = (
			);
			runOnlyForDeploymentPostprocessing = 0;
		};
/* End PBXFrameworksBuildPhase section */

/* Begin PBXGroup section */
		871FDE9827AD8D78009CAF25 /* Header */ = {
			isa = PBXGroup;
			children = (
				87C4BFED27A1B57300F6559C /* AccountSummaryViewController.swift */,
				87B298A327A99DED004A0494 /* AccountSummaryHeaderView.swift */,
				87B298A527A99E31004A0494 /* AccountSummaryHeaderView.xib */,
				87897C3E27BEBD210063E9E1 /* AccountSummaryViewController+Networking.swift */,
			);
			path = Header;
			sourceTree = "<group>";
		};
		871FDE9927AD8D97009CAF25 /* Cells */ = {
			isa = PBXGroup;
			children = (
				871FDE9A27AD8DD5009CAF25 /* AccountSummaryCell.swift */,
			);
			path = Cells;
			sourceTree = "<group>";
		};
		875E75CF277F6FE900BCF539 = {
			isa = PBXGroup;
			children = (
				875E75DA277F6FE900BCF539 /* BankeyDemoApp */,
				8781624727B640690089BD0E /* BankeyDemoAppTests */,
				875E75D9277F6FE900BCF539 /* Products */,
			);
			sourceTree = "<group>";
		};
		875E75D9277F6FE900BCF539 /* Products */ = {
			isa = PBXGroup;
			children = (
				875E75D8277F6FE900BCF539 /* BankeyDemoApp.app */,
				8781624627B640690089BD0E /* BankeyDemoAppTests.xctest */,
			);
			name = Products;
			sourceTree = "<group>";
		};
		875E75DA277F6FE900BCF539 /* BankeyDemoApp */ = {
			isa = PBXGroup;
			children = (
				875E75DB277F6FE900BCF539 /* AppDelegate.swift */,
				87C4BFEA279F1D8D00F6559C /* MainViewController.swift */,
				875E75F3277F734900BCF539 /* Login */,
				87BE310F2791D13100F9E327 /* Onboarding */,
				87C4BFEC27A1B53A00F6559C /* AccountSummary */,
				877A48C827B965AD00DFB053 /* Components */,
				87C4BFE327988A8500F6559C /* Utilities */,
				875E75F2277F72E800BCF539 /* Files */,
				87BE31142792A82C00F9E327 /* Constant */,
			);
			path = BankeyDemoApp;
			sourceTree = "<group>";
		};
		875E75F2277F72E800BCF539 /* Files */ = {
			isa = PBXGroup;
			children = (
				875E75E4277F6FEC00BCF539 /* Assets.xcassets */,
				875E75E6277F6FEC00BCF539 /* LaunchScreen.storyboard */,
				875E75E9277F6FEC00BCF539 /* Info.plist */,
			);
			name = Files;
			sourceTree = "<group>";
		};
		875E75F3277F734900BCF539 /* Login */ = {
			isa = PBXGroup;
			children = (
				875E75DF277F6FE900BCF539 /* LoginViewController.swift */,
				875E75F4277F739700BCF539 /* LoginView.swift */,
				87C4BFE12798839100F6559C /* DummyViewController.swift */,
			);
			path = Login;
			sourceTree = "<group>";
		};
		877A48C827B965AD00DFB053 /* Components */ = {
			isa = PBXGroup;
			children = (
				877A48C927B965DC00DFB053 /* ShakeyBellView.swift */,
			);
			path = Components;
			sourceTree = "<group>";
		};
		8781624727B640690089BD0E /* BankeyDemoAppTests */ = {
			isa = PBXGroup;
			children = (
				87897C4127C0B8D20063E9E1 /* AccountSummary */,
				87897C4027C0B8C10063E9E1 /* Util */,
			);
			path = BankeyDemoAppTests;
			sourceTree = "<group>";
		};
		87897C4027C0B8C10063E9E1 /* Util */ = {
			isa = PBXGroup;
			children = (
				8781624F27B6411C0089BD0E /* CurrencyFormatterTests.swift */,
			);
			path = Util;
			sourceTree = "<group>";
		};
		87897C4127C0B8D20063E9E1 /* AccountSummary */ = {
			isa = PBXGroup;
			children = (
				87897C4227C0B9000063E9E1 /* ProfileTest.swift */,
				87897C4427C0BA120063E9E1 /* AccountTest.swift */,
			);
			path = AccountSummary;
			sourceTree = "<group>";
		};
		87BE310F2791D13100F9E327 /* Onboarding */ = {
			isa = PBXGroup;
			children = (
				87BE31102791D1E800F9E327 /* OnboardingContainerViewController.swift */,
				87BE31122792980200F9E327 /* OnboardingViewController.swift */,
			);
			path = Onboarding;
			sourceTree = "<group>";
		};
		87BE31142792A82C00F9E327 /* Constant */ = {
			isa = PBXGroup;
			children = (
				87BE31152792A84E00F9E327 /* Constant.swift */,
			);
			path = Constant;
			sourceTree = "<group>";
		};
		87C4BFE327988A8500F6559C /* Utilities */ = {
			isa = PBXGroup;
			children = (
				87C4BFE427988AA200F6559C /* LocalState.swift */,
				87C4BFE8279F1C1200F6559C /* UIViewController+Utils.swift */,
				871FDEC227B039AD009CAF25 /* CurrencyFormatter.swift */,
				871FDEC427B03D8D009CAF25 /* Decimal+Utils.swift */,
				8781625127B77F280089BD0E /* NSNotificationName.swift */,
				8781625327B788820089BD0E /* UITextField+SecureToggle.swift */,
				87897C3C27BEBBBE0063E9E1 /* Date+Utils.swift */,
			);
			path = Utilities;
			sourceTree = "<group>";
		};
		87C4BFEC27A1B53A00F6559C /* AccountSummary */ = {
			isa = PBXGroup;
			children = (
				871FDE9827AD8D78009CAF25 /* Header */,
				871FDE9927AD8D97009CAF25 /* Cells */,
			);
			path = AccountSummary;
			sourceTree = "<group>";
		};
/* End PBXGroup section */

/* Begin PBXNativeTarget section */
		875E75D7277F6FE900BCF539 /* BankeyDemoApp */ = {
			isa = PBXNativeTarget;
			buildConfigurationList = 875E75EC277F6FEC00BCF539 /* Build configuration list for PBXNativeTarget "BankeyDemoApp" */;
			buildPhases = (
				875E75D4277F6FE900BCF539 /* Sources */,
				875E75D5277F6FE900BCF539 /* Frameworks */,
				875E75D6277F6FE900BCF539 /* Resources */,
			);
			buildRules = (
			);
			dependencies = (
			);
			name = BankeyDemoApp;
			productName = BankeyDemoApp;
			productReference = 875E75D8277F6FE900BCF539 /* BankeyDemoApp.app */;
			productType = "com.apple.product-type.application";
		};
		8781624527B640690089BD0E /* BankeyDemoAppTests */ = {
			isa = PBXNativeTarget;
			buildConfigurationList = 8781624E27B6406A0089BD0E /* Build configuration list for PBXNativeTarget "BankeyDemoAppTests" */;
			buildPhases = (
				8781624227B640690089BD0E /* Sources */,
				8781624327B640690089BD0E /* Frameworks */,
				8781624427B640690089BD0E /* Resources */,
			);
			buildRules = (
			);
			dependencies = (
				8781624B27B6406A0089BD0E /* PBXTargetDependency */,
			);
			name = BankeyDemoAppTests;
			productName = BankeyDemoAppTests;
			productReference = 8781624627B640690089BD0E /* BankeyDemoAppTests.xctest */;
			productType = "com.apple.product-type.bundle.unit-test";
		};
/* End PBXNativeTarget section */

/* Begin PBXProject section */
		875E75D0277F6FE900BCF539 /* Project object */ = {
			isa = PBXProject;
			attributes = {
				LastSwiftUpdateCheck = 1320;
				LastUpgradeCheck = 1240;
				TargetAttributes = {
					875E75D7277F6FE900BCF539 = {
						CreatedOnToolsVersion = 12.4;
					};
					8781624527B640690089BD0E = {
						CreatedOnToolsVersion = 13.2;
						LastSwiftMigration = 1320;
						TestTargetID = 875E75D7277F6FE900BCF539;
					};
				};
			};
			buildConfigurationList = 875E75D3277F6FE900BCF539 /* Build configuration list for PBXProject "BankeyDemoApp" */;
			compatibilityVersion = "Xcode 9.3";
			developmentRegion = en;
			hasScannedForEncodings = 0;
			knownRegions = (
				en,
				Base,
			);
			mainGroup = 875E75CF277F6FE900BCF539;
			productRefGroup = 875E75D9277F6FE900BCF539 /* Products */;
			projectDirPath = "";
			projectRoot = "";
			targets = (
				875E75D7277F6FE900BCF539 /* BankeyDemoApp */,
				8781624527B640690089BD0E /* BankeyDemoAppTests */,
			);
		};
/* End PBXProject section */

/* Begin PBXResourcesBuildPhase section */
		875E75D6277F6FE900BCF539 /* Resources */ = {
			isa = PBXResourcesBuildPhase;
			buildActionMask = 2147483647;
			files = (
				87B298A627A99E31004A0494 /* AccountSummaryHeaderView.xib in Resources */,
				875E75E8277F6FEC00BCF539 /* LaunchScreen.storyboard in Resources */,
				875E75E5277F6FEC00BCF539 /* Assets.xcassets in Resources */,
			);
			runOnlyForDeploymentPostprocessing = 0;
		};
		8781624427B640690089BD0E /* Resources */ = {
			isa = PBXResourcesBuildPhase;
			buildActionMask = 2147483647;
			files = (
			);
			runOnlyForDeploymentPostprocessing = 0;
		};
/* End PBXResourcesBuildPhase section */

/* Begin PBXSourcesBuildPhase section */
		875E75D4277F6FE900BCF539 /* Sources */ = {
			isa = PBXSourcesBuildPhase;
			buildActionMask = 2147483647;
			files = (
				87B298A427A99DED004A0494 /* AccountSummaryHeaderView.swift in Sources */,
				87897C3F27BEBD210063E9E1 /* AccountSummaryViewController+Networking.swift in Sources */,
				871FDE9B27AD8DD5009CAF25 /* AccountSummaryCell.swift in Sources */,
				877A48CA27B965DC00DFB053 /* ShakeyBellView.swift in Sources */,
				87C4BFE22798839100F6559C /* DummyViewController.swift in Sources */,
				875E75F5277F739700BCF539 /* LoginView.swift in Sources */,
				87C4BFE9279F1C1200F6559C /* UIViewController+Utils.swift in Sources */,
				871FDEC327B039AD009CAF25 /* CurrencyFormatter.swift in Sources */,
				875E75E0277F6FE900BCF539 /* LoginViewController.swift in Sources */,
				87BE31132792980200F9E327 /* OnboardingViewController.swift in Sources */,
				875E75DC277F6FE900BCF539 /* AppDelegate.swift in Sources */,
				871FDEC527B03D8D009CAF25 /* Decimal+Utils.swift in Sources */,
				87BE31112791D1E800F9E327 /* OnboardingContainerViewController.swift in Sources */,
				8781625427B788820089BD0E /* UITextField+SecureToggle.swift in Sources */,
				87BE31162792A84E00F9E327 /* Constant.swift in Sources */,
				8781625227B77F280089BD0E /* NSNotificationName.swift in Sources */,
				87C4BFEE27A1B57300F6559C /* AccountSummaryViewController.swift in Sources */,
				87C4BFE527988AA200F6559C /* LocalState.swift in Sources */,
				87C4BFEB279F1D8D00F6559C /* MainViewController.swift in Sources */,
				87897C3D27BEBBBE0063E9E1 /* Date+Utils.swift in Sources */,
			);
			runOnlyForDeploymentPostprocessing = 0;
		};
		8781624227B640690089BD0E /* Sources */ = {
			isa = PBXSourcesBuildPhase;
			buildActionMask = 2147483647;
			files = (
				8781625027B6411C0089BD0E /* CurrencyFormatterTests.swift in Sources */,
				87897C4527C0BA120063E9E1 /* AccountTest.swift in Sources */,
				87897C4327C0B9000063E9E1 /* ProfileTest.swift in Sources */,
			);
			runOnlyForDeploymentPostprocessing = 0;
		};
/* End PBXSourcesBuildPhase section */

/* Begin PBXTargetDependency section */
		8781624B27B6406A0089BD0E /* PBXTargetDependency */ = {
			isa = PBXTargetDependency;
			target = 875E75D7277F6FE900BCF539 /* BankeyDemoApp */;
			targetProxy = 8781624A27B6406A0089BD0E /* PBXContainerItemProxy */;
		};
/* End PBXTargetDependency section */

/* Begin PBXVariantGroup section */
		875E75E6277F6FEC00BCF539 /* LaunchScreen.storyboard */ = {
			isa = PBXVariantGroup;
			children = (
				875E75E7277F6FEC00BCF539 /* Base */,
			);
			name = LaunchScreen.storyboard;
			sourceTree = "<group>";
		};
/* End PBXVariantGroup section */

/* Begin XCBuildConfiguration section */
		875E75EA277F6FEC00BCF539 /* Debug */ = {
			isa = XCBuildConfiguration;
			buildSettings = {
				ALWAYS_SEARCH_USER_PATHS = NO;
				CLANG_ANALYZER_NONNULL = YES;
				CLANG_ANALYZER_NUMBER_OBJECT_CONVERSION = YES_AGGRESSIVE;
				CLANG_CXX_LANGUAGE_STANDARD = "gnu++14";
				CLANG_CXX_LIBRARY = "libc++";
				CLANG_ENABLE_MODULES = YES;
				CLANG_ENABLE_OBJC_ARC = YES;
				CLANG_ENABLE_OBJC_WEAK = YES;
				CLANG_WARN_BLOCK_CAPTURE_AUTORELEASING = YES;
				CLANG_WARN_BOOL_CONVERSION = YES;
				CLANG_WARN_COMMA = YES;
				CLANG_WARN_CONSTANT_CONVERSION = YES;
				CLANG_WARN_DEPRECATED_OBJC_IMPLEMENTATIONS = YES;
				CLANG_WARN_DIRECT_OBJC_ISA_USAGE = YES_ERROR;
				CLANG_WARN_DOCUMENTATION_COMMENTS = YES;
				CLANG_WARN_EMPTY_BODY = YES;
				CLANG_WARN_ENUM_CONVERSION = YES;
				CLANG_WARN_INFINITE_RECURSION = YES;
				CLANG_WARN_INT_CONVERSION = YES;
				CLANG_WARN_NON_LITERAL_NULL_CONVERSION = YES;
				CLANG_WARN_OBJC_IMPLICIT_RETAIN_SELF = YES;
				CLANG_WARN_OBJC_LITERAL_CONVERSION = YES;
				CLANG_WARN_OBJC_ROOT_CLASS = YES_ERROR;
				CLANG_WARN_QUOTED_INCLUDE_IN_FRAMEWORK_HEADER = YES;
				CLANG_WARN_RANGE_LOOP_ANALYSIS = YES;
				CLANG_WARN_STRICT_PROTOTYPES = YES;
				CLANG_WARN_SUSPICIOUS_MOVE = YES;
				CLANG_WARN_UNGUARDED_AVAILABILITY = YES_AGGRESSIVE;
				CLANG_WARN_UNREACHABLE_CODE = YES;
				CLANG_WARN__DUPLICATE_METHOD_MATCH = YES;
				COPY_PHASE_STRIP = NO;
				DEBUG_INFORMATION_FORMAT = dwarf;
				ENABLE_STRICT_OBJC_MSGSEND = YES;
				ENABLE_TESTABILITY = YES;
				GCC_C_LANGUAGE_STANDARD = gnu11;
				GCC_DYNAMIC_NO_PIC = NO;
				GCC_NO_COMMON_BLOCKS = YES;
				GCC_OPTIMIZATION_LEVEL = 0;
				GCC_PREPROCESSOR_DEFINITIONS = (
					"DEBUG=1",
					"$(inherited)",
				);
				GCC_WARN_64_TO_32_BIT_CONVERSION = YES;
				GCC_WARN_ABOUT_RETURN_TYPE = YES_ERROR;
				GCC_WARN_UNDECLARED_SELECTOR = YES;
				GCC_WARN_UNINITIALIZED_AUTOS = YES_AGGRESSIVE;
				GCC_WARN_UNUSED_FUNCTION = YES;
				GCC_WARN_UNUSED_VARIABLE = YES;
				IPHONEOS_DEPLOYMENT_TARGET = 14.4;
				MTL_ENABLE_DEBUG_INFO = INCLUDE_SOURCE;
				MTL_FAST_MATH = YES;
				ONLY_ACTIVE_ARCH = YES;
				SDKROOT = iphoneos;
				SWIFT_ACTIVE_COMPILATION_CONDITIONS = DEBUG;
				SWIFT_OPTIMIZATION_LEVEL = "-Onone";
			};
			name = Debug;
		};
		875E75EB277F6FEC00BCF539 /* Release */ = {
			isa = XCBuildConfiguration;
			buildSettings = {
				ALWAYS_SEARCH_USER_PATHS = NO;
				CLANG_ANALYZER_NONNULL = YES;
				CLANG_ANALYZER_NUMBER_OBJECT_CONVERSION = YES_AGGRESSIVE;
				CLANG_CXX_LANGUAGE_STANDARD = "gnu++14";
				CLANG_CXX_LIBRARY = "libc++";
				CLANG_ENABLE_MODULES = YES;
				CLANG_ENABLE_OBJC_ARC = YES;
				CLANG_ENABLE_OBJC_WEAK = YES;
				CLANG_WARN_BLOCK_CAPTURE_AUTORELEASING = YES;
				CLANG_WARN_BOOL_CONVERSION = YES;
				CLANG_WARN_COMMA = YES;
				CLANG_WARN_CONSTANT_CONVERSION = YES;
				CLANG_WARN_DEPRECATED_OBJC_IMPLEMENTATIONS = YES;
				CLANG_WARN_DIRECT_OBJC_ISA_USAGE = YES_ERROR;
				CLANG_WARN_DOCUMENTATION_COMMENTS = YES;
				CLANG_WARN_EMPTY_BODY = YES;
				CLANG_WARN_ENUM_CONVERSION = YES;
				CLANG_WARN_INFINITE_RECURSION = YES;
				CLANG_WARN_INT_CONVERSION = YES;
				CLANG_WARN_NON_LITERAL_NULL_CONVERSION = YES;
				CLANG_WARN_OBJC_IMPLICIT_RETAIN_SELF = YES;
				CLANG_WARN_OBJC_LITERAL_CONVERSION = YES;
				CLANG_WARN_OBJC_ROOT_CLASS = YES_ERROR;
				CLANG_WARN_QUOTED_INCLUDE_IN_FRAMEWORK_HEADER = YES;
				CLANG_WARN_RANGE_LOOP_ANALYSIS = YES;
				CLANG_WARN_STRICT_PROTOTYPES = YES;
				CLANG_WARN_SUSPICIOUS_MOVE = YES;
				CLANG_WARN_UNGUARDED_AVAILABILITY = YES_AGGRESSIVE;
				CLANG_WARN_UNREACHABLE_CODE = YES;
				CLANG_WARN__DUPLICATE_METHOD_MATCH = YES;
				COPY_PHASE_STRIP = NO;
				DEBUG_INFORMATION_FORMAT = "dwarf-with-dsym";
				ENABLE_NS_ASSERTIONS = NO;
				ENABLE_STRICT_OBJC_MSGSEND = YES;
				GCC_C_LANGUAGE_STANDARD = gnu11;
				GCC_NO_COMMON_BLOCKS = YES;
				GCC_WARN_64_TO_32_BIT_CONVERSION = YES;
				GCC_WARN_ABOUT_RETURN_TYPE = YES_ERROR;
				GCC_WARN_UNDECLARED_SELECTOR = YES;
				GCC_WARN_UNINITIALIZED_AUTOS = YES_AGGRESSIVE;
				GCC_WARN_UNUSED_FUNCTION = YES;
				GCC_WARN_UNUSED_VARIABLE = YES;
				IPHONEOS_DEPLOYMENT_TARGET = 14.4;
				MTL_ENABLE_DEBUG_INFO = NO;
				MTL_FAST_MATH = YES;
				SDKROOT = iphoneos;
				SWIFT_COMPILATION_MODE = wholemodule;
				SWIFT_OPTIMIZATION_LEVEL = "-O";
				VALIDATE_PRODUCT = YES;
			};
			name = Release;
		};
		875E75ED277F6FEC00BCF539 /* Debug */ = {
			isa = XCBuildConfiguration;
			buildSettings = {
				ASSETCATALOG_COMPILER_APPICON_NAME = AppIcon;
				ASSETCATALOG_COMPILER_GLOBAL_ACCENT_COLOR_NAME = AccentColor;
				CODE_SIGN_STYLE = Automatic;
				DEVELOPMENT_TEAM = 7W9C5THXQ9;
				INFOPLIST_FILE = BankeyDemoApp/Info.plist;
				IPHONEOS_DEPLOYMENT_TARGET = 15.0;
				LD_RUNPATH_SEARCH_PATHS = (
					"$(inherited)",
					"@executable_path/Frameworks",
				);
				PRODUCT_BUNDLE_IDENTIFIER = scmc.BankeyDemoApp;
				PRODUCT_NAME = "$(TARGET_NAME)";
				SWIFT_VERSION = 5.0;
				TARGETED_DEVICE_FAMILY = "1,2";
			};
			name = Debug;
		};
		875E75EE277F6FEC00BCF539 /* Release */ = {
			isa = XCBuildConfiguration;
			buildSettings = {
				ASSETCATALOG_COMPILER_APPICON_NAME = AppIcon;
				ASSETCATALOG_COMPILER_GLOBAL_ACCENT_COLOR_NAME = AccentColor;
				CODE_SIGN_STYLE = Automatic;
				DEVELOPMENT_TEAM = 7W9C5THXQ9;
				INFOPLIST_FILE = BankeyDemoApp/Info.plist;
				IPHONEOS_DEPLOYMENT_TARGET = 15.0;
				LD_RUNPATH_SEARCH_PATHS = (
					"$(inherited)",
					"@executable_path/Frameworks",
				);
				PRODUCT_BUNDLE_IDENTIFIER = scmc.BankeyDemoApp;
				PRODUCT_NAME = "$(TARGET_NAME)";
				SWIFT_VERSION = 5.0;
				TARGETED_DEVICE_FAMILY = "1,2";
			};
			name = Release;
		};
		8781624C27B6406A0089BD0E /* Debug */ = {
			isa = XCBuildConfiguration;
			buildSettings = {
				BUNDLE_LOADER = "$(TEST_HOST)";
				CLANG_CXX_LANGUAGE_STANDARD = "gnu++17";
				CLANG_ENABLE_MODULES = YES;
				CODE_SIGN_STYLE = Automatic;
				CURRENT_PROJECT_VERSION = 1;
				DEVELOPMENT_TEAM = 7W9C5THXQ9;
				GENERATE_INFOPLIST_FILE = YES;
				IPHONEOS_DEPLOYMENT_TARGET = 15.2;
				LD_RUNPATH_SEARCH_PATHS = (
					"$(inherited)",
					"@executable_path/Frameworks",
					"@loader_path/Frameworks",
				);
				MARKETING_VERSION = 1.0;
				PRODUCT_BUNDLE_IDENTIFIER = com.scmc.BankeyDemoAppTests;
				PRODUCT_NAME = "$(TARGET_NAME)";
				SWIFT_EMIT_LOC_STRINGS = NO;
				SWIFT_OPTIMIZATION_LEVEL = "-Onone";
				SWIFT_VERSION = 5.0;
				TARGETED_DEVICE_FAMILY = "1,2";
				TEST_HOST = "$(BUILT_PRODUCTS_DIR)/BankeyDemoApp.app/BankeyDemoApp";
			};
			name = Debug;
		};
		8781624D27B6406A0089BD0E /* Release */ = {
			isa = XCBuildConfiguration;
			buildSettings = {
				BUNDLE_LOADER = "$(TEST_HOST)";
				CLANG_CXX_LANGUAGE_STANDARD = "gnu++17";
				CLANG_ENABLE_MODULES = YES;
				CODE_SIGN_STYLE = Automatic;
				CURRENT_PROJECT_VERSION = 1;
				DEVELOPMENT_TEAM = 7W9C5THXQ9;
				GENERATE_INFOPLIST_FILE = YES;
				IPHONEOS_DEPLOYMENT_TARGET = 15.2;
				LD_RUNPATH_SEARCH_PATHS = (
					"$(inherited)",
					"@executable_path/Frameworks",
					"@loader_path/Frameworks",
				);
				MARKETING_VERSION = 1.0;
				PRODUCT_BUNDLE_IDENTIFIER = com.scmc.BankeyDemoAppTests;
				PRODUCT_NAME = "$(TARGET_NAME)";
				SWIFT_EMIT_LOC_STRINGS = NO;
				SWIFT_VERSION = 5.0;
				TARGETED_DEVICE_FAMILY = "1,2";
				TEST_HOST = "$(BUILT_PRODUCTS_DIR)/BankeyDemoApp.app/BankeyDemoApp";
			};
			name = Release;
		};
/* End XCBuildConfiguration section */

/* Begin XCConfigurationList section */
		875E75D3277F6FE900BCF539 /* Build configuration list for PBXProject "BankeyDemoApp" */ = {
			isa = XCConfigurationList;
			buildConfigurations = (
				875E75EA277F6FEC00BCF539 /* Debug */,
				875E75EB277F6FEC00BCF539 /* Release */,
			);
			defaultConfigurationIsVisible = 0;
			defaultConfigurationName = Release;
		};
		875E75EC277F6FEC00BCF539 /* Build configuration list for PBXNativeTarget "BankeyDemoApp" */ = {
			isa = XCConfigurationList;
			buildConfigurations = (
				875E75ED277F6FEC00BCF539 /* Debug */,
				875E75EE277F6FEC00BCF539 /* Release */,
			);
			defaultConfigurationIsVisible = 0;
			defaultConfigurationName = Release;
		};
		8781624E27B6406A0089BD0E /* Build configuration list for PBXNativeTarget "BankeyDemoAppTests" */ = {
			isa = XCConfigurationList;
			buildConfigurations = (
				8781624C27B6406A0089BD0E /* Debug */,
				8781624D27B6406A0089BD0E /* Release */,
			);
			defaultConfigurationIsVisible = 0;
			defaultConfigurationName = Release;
		};
/* End XCConfigurationList section */
	};
	rootObject = 875E75D0277F6FE900BCF539 /* Project object */;
}
